// !$*UTF8*$!
{
	archiveVersion = 1;
	classes = {
	};
	objectVersion = 56;
	objects = {

/* Begin PBXBuildFile section */
		2D3E225E2A4FCA54003D2E8F /* CocoaLumberjack in Frameworks */ = {isa = PBXBuildFile; productRef = 2D3E225D2A4FCA54003D2E8F /* CocoaLumberjack */; };
		2D3E22602A4FCA54003D2E8F /* CocoaLumberjackSwift in Frameworks */ = {isa = PBXBuildFile; productRef = 2D3E225F2A4FCA54003D2E8F /* CocoaLumberjackSwift */; };
		2D3E22622A4FCA54003D2E8F /* CocoaLumberjackSwiftLogBackend in Frameworks */ = {isa = PBXBuildFile; productRef = 2D3E22612A4FCA54003D2E8F /* CocoaLumberjackSwiftLogBackend */; };
		2D3E22662A4FCB4E003D2E8F /* SceneDelegate.swift in Sources */ = {isa = PBXBuildFile; fileRef = 2D3E22652A4FCB4E003D2E8F /* SceneDelegate.swift */; };
		2D3E22682A4FCB5B003D2E8F /* AppDelegate.swift in Sources */ = {isa = PBXBuildFile; fileRef = 2D3E22672A4FCB5B003D2E8F /* AppDelegate.swift */; };
		2D3E226C2A4FCB83003D2E8F /* listOfTasksViewController.swift in Sources */ = {isa = PBXBuildFile; fileRef = 2D3E226B2A4FCB83003D2E8F /* listOfTasksViewController.swift */; };
		2D3E226E2A4FCB93003D2E8F /* TableView.swift in Sources */ = {isa = PBXBuildFile; fileRef = 2D3E226D2A4FCB93003D2E8F /* TableView.swift */; };
		2D3E22712A4FCB9E003D2E8F /* FileCache.swift in Sources */ = {isa = PBXBuildFile; fileRef = 2D3E22702A4FCB9E003D2E8F /* FileCache.swift */; };
		2D3E22732A4FCBA0003D2E8F /* TodoItem.swift in Sources */ = {isa = PBXBuildFile; fileRef = 2D3E22722A4FCBA0003D2E8F /* TodoItem.swift */; };
		2D3E22752A4FCBA3003D2E8F /* Constrains.swift in Sources */ = {isa = PBXBuildFile; fileRef = 2D3E22742A4FCBA3003D2E8F /* Constrains.swift */; };
		2D3E22772A4FCBA5003D2E8F /* DeleteButtonActions.swift in Sources */ = {isa = PBXBuildFile; fileRef = 2D3E22762A4FCBA5003D2E8F /* DeleteButtonActions.swift */; };
		2D3E22792A4FCBA7003D2E8F /* DateSelectionActions.swift in Sources */ = {isa = PBXBuildFile; fileRef = 2D3E22782A4FCBA7003D2E8F /* DateSelectionActions.swift */; };
		2D3E227B2A4FCBAA003D2E8F /* SaveLabelActions.swift in Sources */ = {isa = PBXBuildFile; fileRef = 2D3E227A2A4FCBAA003D2E8F /* SaveLabelActions.swift */; };
		2D3E227D2A4FCBAC003D2E8F /* SegmentControlActions.swift in Sources */ = {isa = PBXBuildFile; fileRef = 2D3E227C2A4FCBAC003D2E8F /* SegmentControlActions.swift */; };
		2D3E227F2A4FCBAE003D2E8F /* SwitchActions.swift in Sources */ = {isa = PBXBuildFile; fileRef = 2D3E227E2A4FCBAE003D2E8F /* SwitchActions.swift */; };
		2D3E22812A4FCBB3003D2E8F /* TextViewActions.swift in Sources */ = {isa = PBXBuildFile; fileRef = 2D3E22802A4FCBB2003D2E8F /* TextViewActions.swift */; };
		2D3E22832A4FCBB6003D2E8F /* ViewActions.swift in Sources */ = {isa = PBXBuildFile; fileRef = 2D3E22822A4FCBB6003D2E8F /* ViewActions.swift */; };
		2D3E22852A4FCBB8003D2E8F /* ViewController.swift in Sources */ = {isa = PBXBuildFile; fileRef = 2D3E22842A4FCBB8003D2E8F /* ViewController.swift */; };
		2D3E228C2A4FCC12003D2E8F /* test2.json in Resources */ = {isa = PBXBuildFile; fileRef = 2D3E22862A4FCC12003D2E8F /* test2.json */; };
		2D3E228D2A4FCC12003D2E8F /* test1.json in Resources */ = {isa = PBXBuildFile; fileRef = 2D3E22872A4FCC12003D2E8F /* test1.json */; };
		2D3E228E2A4FCC12003D2E8F /* test4.json in Resources */ = {isa = PBXBuildFile; fileRef = 2D3E22882A4FCC12003D2E8F /* test4.json */; };
		2D3E228F2A4FCC12003D2E8F /* test3.json in Resources */ = {isa = PBXBuildFile; fileRef = 2D3E22892A4FCC12003D2E8F /* test3.json */; };
		2D3E22902A4FCC12003D2E8F /* test6.json in Resources */ = {isa = PBXBuildFile; fileRef = 2D3E228A2A4FCC12003D2E8F /* test6.json */; };
		2D3E22912A4FCC12003D2E8F /* test5.json in Resources */ = {isa = PBXBuildFile; fileRef = 2D3E228B2A4FCC12003D2E8F /* test5.json */; };
		2D3E22962A4FCFE9003D2E8F /* Podfile in Resources */ = {isa = PBXBuildFile; fileRef = 2D3E22932A4FCFE9003D2E8F /* Podfile */; };
		2D3E22972A4FCFE9003D2E8F /* Pods in Resources */ = {isa = PBXBuildFile; fileRef = 2D3E22942A4FCFE9003D2E8F /* Pods */; };
		2D3E22982A4FCFE9003D2E8F /* Podfile.lock in Resources */ = {isa = PBXBuildFile; fileRef = 2D3E22952A4FCFE9003D2E8F /* Podfile.lock */; };
		2DCF19A32A37AA62007A335D /* Main.storyboard in Resources */ = {isa = PBXBuildFile; fileRef = 2DCF19A12A37AA62007A335D /* Main.storyboard */; };
		2DCF19A52A37AA63007A335D /* Assets.xcassets in Resources */ = {isa = PBXBuildFile; fileRef = 2DCF19A42A37AA63007A335D /* Assets.xcassets */; };
		2DCF19A82A37AA63007A335D /* LaunchScreen.storyboard in Resources */ = {isa = PBXBuildFile; fileRef = 2DCF19A62A37AA63007A335D /* LaunchScreen.storyboard */; };
		2DCF19B32A37AA63007A335D /* toDoListTests.swift in Sources */ = {isa = PBXBuildFile; fileRef = 2DCF19B22A37AA63007A335D /* toDoListTests.swift */; };
		2DCF19BD2A37AA63007A335D /* toDoListUITests.swift in Sources */ = {isa = PBXBuildFile; fileRef = 2DCF19BC2A37AA63007A335D /* toDoListUITests.swift */; };
		2DCF19BF2A37AA63007A335D /* toDoListUITestsLaunchTests.swift in Sources */ = {isa = PBXBuildFile; fileRef = 2DCF19BE2A37AA63007A335D /* toDoListUITestsLaunchTests.swift */; };
		2DFCF4042A58949D0035BB42 /* dataTask.swift in Sources */ = {isa = PBXBuildFile; fileRef = 2DFCF4032A58949D0035BB42 /* dataTask.swift */; };
		2DFCF4082A5898420035BB42 /* DefaultNetworkingServiceWithExtention.swift in Sources */ = {isa = PBXBuildFile; fileRef = 2DFCF4072A5898420035BB42 /* DefaultNetworkingServiceWithExtention.swift */; };
		2DFCF40A2A5898F10035BB42 /* ToDoItemNetworking.swift in Sources */ = {isa = PBXBuildFile; fileRef = 2DFCF4092A5898F10035BB42 /* ToDoItemNetworking.swift */; };
		2DFCF40F2A589AD20035BB42 /* CocoaLumberjack in Frameworks */ = {isa = PBXBuildFile; productRef = 2DFCF40E2A589AD20035BB42 /* CocoaLumberjack */; };
		2DFCF4112A589AD20035BB42 /* CocoaLumberjackSwift in Frameworks */ = {isa = PBXBuildFile; productRef = 2DFCF4102A589AD20035BB42 /* CocoaLumberjackSwift */; };
		2DFCF4132A589AD20035BB42 /* CocoaLumberjackSwiftLogBackend in Frameworks */ = {isa = PBXBuildFile; productRef = 2DFCF4122A589AD20035BB42 /* CocoaLumberjackSwiftLogBackend */; };
		2DFCF4152A589AD70035BB42 /* CocoaLumberjack in Frameworks */ = {isa = PBXBuildFile; productRef = 2DFCF4142A589AD70035BB42 /* CocoaLumberjack */; };
		2DFCF4172A589AD70035BB42 /* CocoaLumberjackSwift in Frameworks */ = {isa = PBXBuildFile; productRef = 2DFCF4162A589AD70035BB42 /* CocoaLumberjackSwift */; };
		2DFCF4192A589AD70035BB42 /* CocoaLumberjackSwiftLogBackend in Frameworks */ = {isa = PBXBuildFile; productRef = 2DFCF4182A589AD70035BB42 /* CocoaLumberjackSwiftLogBackend */; };
/* End PBXBuildFile section */

/* Begin PBXContainerItemProxy section */
		2DCF19AF2A37AA63007A335D /* PBXContainerItemProxy */ = {
			isa = PBXContainerItemProxy;
			containerPortal = 2DCF19902A37AA62007A335D /* Project object */;
			proxyType = 1;
			remoteGlobalIDString = 2DCF19972A37AA62007A335D;
			remoteInfo = toDoList;
		};
		2DCF19B92A37AA63007A335D /* PBXContainerItemProxy */ = {
			isa = PBXContainerItemProxy;
			containerPortal = 2DCF19902A37AA62007A335D /* Project object */;
			proxyType = 1;
			remoteGlobalIDString = 2DCF19972A37AA62007A335D;
			remoteInfo = toDoList;
		};
/* End PBXContainerItemProxy section */

/* Begin PBXFileReference section */
		06CA043A51DD2EE9BFE47187 /* Pods-toDoList.debug.xcconfig */ = {isa = PBXFileReference; includeInIndex = 1; lastKnownFileType = text.xcconfig; name = "Pods-toDoList.debug.xcconfig"; path = "Target Support Files/Pods-toDoList/Pods-toDoList.debug.xcconfig"; sourceTree = "<group>"; };
		2D3E22652A4FCB4E003D2E8F /* SceneDelegate.swift */ = {isa = PBXFileReference; fileEncoding = 4; lastKnownFileType = sourcecode.swift; path = SceneDelegate.swift; sourceTree = "<group>"; };
		2D3E22672A4FCB5B003D2E8F /* AppDelegate.swift */ = {isa = PBXFileReference; fileEncoding = 4; lastKnownFileType = sourcecode.swift; path = AppDelegate.swift; sourceTree = "<group>"; };
		2D3E226B2A4FCB83003D2E8F /* listOfTasksViewController.swift */ = {isa = PBXFileReference; lastKnownFileType = sourcecode.swift; path = listOfTasksViewController.swift; sourceTree = "<group>"; };
		2D3E226D2A4FCB93003D2E8F /* TableView.swift */ = {isa = PBXFileReference; lastKnownFileType = sourcecode.swift; path = TableView.swift; sourceTree = "<group>"; };
		2D3E226F2A4FCB96003D2E8F /* listOfTasksViewController.xib */ = {isa = PBXFileReference; lastKnownFileType = file.xib; path = listOfTasksViewController.xib; sourceTree = "<group>"; };
		2D3E22702A4FCB9E003D2E8F /* FileCache.swift */ = {isa = PBXFileReference; lastKnownFileType = sourcecode.swift; path = FileCache.swift; sourceTree = "<group>"; };
		2D3E22722A4FCBA0003D2E8F /* TodoItem.swift */ = {isa = PBXFileReference; lastKnownFileType = sourcecode.swift; path = TodoItem.swift; sourceTree = "<group>"; };
		2D3E22742A4FCBA3003D2E8F /* Constrains.swift */ = {isa = PBXFileReference; lastKnownFileType = sourcecode.swift; path = Constrains.swift; sourceTree = "<group>"; };
		2D3E22762A4FCBA5003D2E8F /* DeleteButtonActions.swift */ = {isa = PBXFileReference; lastKnownFileType = sourcecode.swift; path = DeleteButtonActions.swift; sourceTree = "<group>"; };
		2D3E22782A4FCBA7003D2E8F /* DateSelectionActions.swift */ = {isa = PBXFileReference; lastKnownFileType = sourcecode.swift; path = DateSelectionActions.swift; sourceTree = "<group>"; };
		2D3E227A2A4FCBAA003D2E8F /* SaveLabelActions.swift */ = {isa = PBXFileReference; lastKnownFileType = sourcecode.swift; path = SaveLabelActions.swift; sourceTree = "<group>"; };
		2D3E227C2A4FCBAC003D2E8F /* SegmentControlActions.swift */ = {isa = PBXFileReference; lastKnownFileType = sourcecode.swift; path = SegmentControlActions.swift; sourceTree = "<group>"; };
		2D3E227E2A4FCBAE003D2E8F /* SwitchActions.swift */ = {isa = PBXFileReference; lastKnownFileType = sourcecode.swift; path = SwitchActions.swift; sourceTree = "<group>"; };
		2D3E22802A4FCBB2003D2E8F /* TextViewActions.swift */ = {isa = PBXFileReference; lastKnownFileType = sourcecode.swift; path = TextViewActions.swift; sourceTree = "<group>"; };
		2D3E22822A4FCBB6003D2E8F /* ViewActions.swift */ = {isa = PBXFileReference; lastKnownFileType = sourcecode.swift; path = ViewActions.swift; sourceTree = "<group>"; };
		2D3E22842A4FCBB8003D2E8F /* ViewController.swift */ = {isa = PBXFileReference; lastKnownFileType = sourcecode.swift; path = ViewController.swift; sourceTree = "<group>"; };
		2D3E22862A4FCC12003D2E8F /* test2.json */ = {isa = PBXFileReference; fileEncoding = 4; lastKnownFileType = text.json; path = test2.json; sourceTree = "<group>"; };
		2D3E22872A4FCC12003D2E8F /* test1.json */ = {isa = PBXFileReference; fileEncoding = 4; lastKnownFileType = text.json; path = test1.json; sourceTree = "<group>"; };
		2D3E22882A4FCC12003D2E8F /* test4.json */ = {isa = PBXFileReference; fileEncoding = 4; lastKnownFileType = text.json; path = test4.json; sourceTree = "<group>"; };
		2D3E22892A4FCC12003D2E8F /* test3.json */ = {isa = PBXFileReference; fileEncoding = 4; lastKnownFileType = text.json; path = test3.json; sourceTree = "<group>"; };
		2D3E228A2A4FCC12003D2E8F /* test6.json */ = {isa = PBXFileReference; fileEncoding = 4; lastKnownFileType = text.json; path = test6.json; sourceTree = "<group>"; };
		2D3E228B2A4FCC12003D2E8F /* test5.json */ = {isa = PBXFileReference; fileEncoding = 4; lastKnownFileType = text.json; path = test5.json; sourceTree = "<group>"; };
		2D3E22932A4FCFE9003D2E8F /* Podfile */ = {isa = PBXFileReference; fileEncoding = 4; lastKnownFileType = text; path = Podfile; sourceTree = "<group>"; xcLanguageSpecificationIdentifier = xcode.lang.ruby; };
		2D3E22942A4FCFE9003D2E8F /* Pods */ = {isa = PBXFileReference; lastKnownFileType = folder; path = Pods; sourceTree = "<group>"; };
		2D3E22952A4FCFE9003D2E8F /* Podfile.lock */ = {isa = PBXFileReference; fileEncoding = 4; lastKnownFileType = text; path = Podfile.lock; sourceTree = "<group>"; };
		2DCF19982A37AA62007A335D /* toDoList.app */ = {isa = PBXFileReference; explicitFileType = wrapper.application; includeInIndex = 0; path = toDoList.app; sourceTree = BUILT_PRODUCTS_DIR; };
		2DCF19A22A37AA62007A335D /* Base */ = {isa = PBXFileReference; lastKnownFileType = file.storyboard; name = Base; path = Base.lproj/Main.storyboard; sourceTree = "<group>"; };
		2DCF19A42A37AA63007A335D /* Assets.xcassets */ = {isa = PBXFileReference; lastKnownFileType = folder.assetcatalog; path = Assets.xcassets; sourceTree = "<group>"; };
		2DCF19A72A37AA63007A335D /* Base */ = {isa = PBXFileReference; lastKnownFileType = file.storyboard; name = Base; path = Base.lproj/LaunchScreen.storyboard; sourceTree = "<group>"; };
		2DCF19A92A37AA63007A335D /* Info.plist */ = {isa = PBXFileReference; lastKnownFileType = text.plist.xml; path = Info.plist; sourceTree = "<group>"; };
		2DCF19AE2A37AA63007A335D /* toDoListTests.xctest */ = {isa = PBXFileReference; explicitFileType = wrapper.cfbundle; includeInIndex = 0; path = toDoListTests.xctest; sourceTree = BUILT_PRODUCTS_DIR; };
		2DCF19B22A37AA63007A335D /* toDoListTests.swift */ = {isa = PBXFileReference; lastKnownFileType = sourcecode.swift; path = toDoListTests.swift; sourceTree = "<group>"; };
		2DCF19B82A37AA63007A335D /* toDoListUITests.xctest */ = {isa = PBXFileReference; explicitFileType = wrapper.cfbundle; includeInIndex = 0; path = toDoListUITests.xctest; sourceTree = BUILT_PRODUCTS_DIR; };
		2DCF19BC2A37AA63007A335D /* toDoListUITests.swift */ = {isa = PBXFileReference; lastKnownFileType = sourcecode.swift; path = toDoListUITests.swift; sourceTree = "<group>"; };
		2DCF19BE2A37AA63007A335D /* toDoListUITestsLaunchTests.swift */ = {isa = PBXFileReference; lastKnownFileType = sourcecode.swift; path = toDoListUITestsLaunchTests.swift; sourceTree = "<group>"; };
		2DFCF4032A58949D0035BB42 /* dataTask.swift */ = {isa = PBXFileReference; lastKnownFileType = sourcecode.swift; path = dataTask.swift; sourceTree = "<group>"; };
		2DFCF4072A5898420035BB42 /* DefaultNetworkingServiceWithExtention.swift */ = {isa = PBXFileReference; lastKnownFileType = sourcecode.swift; path = DefaultNetworkingServiceWithExtention.swift; sourceTree = "<group>"; };
		2DFCF4092A5898F10035BB42 /* ToDoItemNetworking.swift */ = {isa = PBXFileReference; lastKnownFileType = sourcecode.swift; path = ToDoItemNetworking.swift; sourceTree = "<group>"; };
		644DF1E3FB702E069717EE34 /* Pods-toDoListTests.release.xcconfig */ = {isa = PBXFileReference; includeInIndex = 1; lastKnownFileType = text.xcconfig; name = "Pods-toDoListTests.release.xcconfig"; path = "Target Support Files/Pods-toDoListTests/Pods-toDoListTests.release.xcconfig"; sourceTree = "<group>"; };
		774CA4BF8AA32DE57879144E /* Pods-toDoList-toDoListUITests.debug.xcconfig */ = {isa = PBXFileReference; includeInIndex = 1; lastKnownFileType = text.xcconfig; name = "Pods-toDoList-toDoListUITests.debug.xcconfig"; path = "Target Support Files/Pods-toDoList-toDoListUITests/Pods-toDoList-toDoListUITests.debug.xcconfig"; sourceTree = "<group>"; };
		B28A383A140FADD472D1D9E1 /* Pods-toDoList-toDoListUITests.release.xcconfig */ = {isa = PBXFileReference; includeInIndex = 1; lastKnownFileType = text.xcconfig; name = "Pods-toDoList-toDoListUITests.release.xcconfig"; path = "Target Support Files/Pods-toDoList-toDoListUITests/Pods-toDoList-toDoListUITests.release.xcconfig"; sourceTree = "<group>"; };
		BD4C65106FACF8EC83EC9C3F /* Pods-toDoListTests.debug.xcconfig */ = {isa = PBXFileReference; includeInIndex = 1; lastKnownFileType = text.xcconfig; name = "Pods-toDoListTests.debug.xcconfig"; path = "Target Support Files/Pods-toDoListTests/Pods-toDoListTests.debug.xcconfig"; sourceTree = "<group>"; };
		EC414DFEC183CB55FABA4E56 /* Pods-toDoList.release.xcconfig */ = {isa = PBXFileReference; includeInIndex = 1; lastKnownFileType = text.xcconfig; name = "Pods-toDoList.release.xcconfig"; path = "Target Support Files/Pods-toDoList/Pods-toDoList.release.xcconfig"; sourceTree = "<group>"; };
/* End PBXFileReference section */

/* Begin PBXFrameworksBuildPhase section */
		2DCF19952A37AA62007A335D /* Frameworks */ = {
			isa = PBXFrameworksBuildPhase;
			buildActionMask = 2147483647;
			files = (
				2D3E22602A4FCA54003D2E8F /* CocoaLumberjackSwift in Frameworks */,
				2D3E22622A4FCA54003D2E8F /* CocoaLumberjackSwiftLogBackend in Frameworks */,
				2D3E225E2A4FCA54003D2E8F /* CocoaLumberjack in Frameworks */,
			);
			runOnlyForDeploymentPostprocessing = 0;
		};
		2DCF19AB2A37AA63007A335D /* Frameworks */ = {
			isa = PBXFrameworksBuildPhase;
			buildActionMask = 2147483647;
			files = (
				2DFCF4112A589AD20035BB42 /* CocoaLumberjackSwift in Frameworks */,
				2DFCF4132A589AD20035BB42 /* CocoaLumberjackSwiftLogBackend in Frameworks */,
				2DFCF40F2A589AD20035BB42 /* CocoaLumberjack in Frameworks */,
			);
			runOnlyForDeploymentPostprocessing = 0;
		};
		2DCF19B52A37AA63007A335D /* Frameworks */ = {
			isa = PBXFrameworksBuildPhase;
			buildActionMask = 2147483647;
			files = (
				2DFCF4172A589AD70035BB42 /* CocoaLumberjackSwift in Frameworks */,
				2DFCF4192A589AD70035BB42 /* CocoaLumberjackSwiftLogBackend in Frameworks */,
				2DFCF4152A589AD70035BB42 /* CocoaLumberjack in Frameworks */,
			);
			runOnlyForDeploymentPostprocessing = 0;
		};
/* End PBXFrameworksBuildPhase section */

/* Begin PBXGroup section */
		2DCF198F2A37AA62007A335D = {
			isa = PBXGroup;
			children = (
				2D3E22932A4FCFE9003D2E8F /* Podfile */,
				2D3E22952A4FCFE9003D2E8F /* Podfile.lock */,
				2D3E22942A4FCFE9003D2E8F /* Pods */,
				2DCF199A2A37AA62007A335D /* toDoList */,
				2DCF19B12A37AA63007A335D /* toDoListTests */,
				2DCF19BB2A37AA63007A335D /* toDoListUITests */,
				2DCF19992A37AA62007A335D /* Products */,
				EDFA0CD099A7BB29F78E3642 /* Pods */,
				8E3C4D582227ABC7B95AEE87 /* Frameworks */,
			);
			sourceTree = "<group>";
		};
		2DCF19992A37AA62007A335D /* Products */ = {
			isa = PBXGroup;
			children = (
				2DCF19982A37AA62007A335D /* toDoList.app */,
				2DCF19AE2A37AA63007A335D /* toDoListTests.xctest */,
				2DCF19B82A37AA63007A335D /* toDoListUITests.xctest */,
			);
			name = Products;
			sourceTree = "<group>";
		};
		2DCF199A2A37AA62007A335D /* toDoList */ = {
			isa = PBXGroup;
			children = (
				2D3E226B2A4FCB83003D2E8F /* listOfTasksViewController.swift */,
				2D3E226D2A4FCB93003D2E8F /* TableView.swift */,
				2D3E22672A4FCB5B003D2E8F /* AppDelegate.swift */,
				2D3E22652A4FCB4E003D2E8F /* SceneDelegate.swift */,
				2D3E226F2A4FCB96003D2E8F /* listOfTasksViewController.xib */,
				2D3E22702A4FCB9E003D2E8F /* FileCache.swift */,
				2D3E22722A4FCBA0003D2E8F /* TodoItem.swift */,
				2D3E22742A4FCBA3003D2E8F /* Constrains.swift */,
				2D3E22762A4FCBA5003D2E8F /* DeleteButtonActions.swift */,
				2D3E22782A4FCBA7003D2E8F /* DateSelectionActions.swift */,
				2D3E227A2A4FCBAA003D2E8F /* SaveLabelActions.swift */,
				2D3E227C2A4FCBAC003D2E8F /* SegmentControlActions.swift */,
				2D3E227E2A4FCBAE003D2E8F /* SwitchActions.swift */,
				2D3E22802A4FCBB2003D2E8F /* TextViewActions.swift */,
				2D3E22822A4FCBB6003D2E8F /* ViewActions.swift */,
				2D3E22842A4FCBB8003D2E8F /* ViewController.swift */,
				2DCF19A12A37AA62007A335D /* Main.storyboard */,
				2DCF19A42A37AA63007A335D /* Assets.xcassets */,
				2DCF19A62A37AA63007A335D /* LaunchScreen.storyboard */,
				2DCF19A92A37AA63007A335D /* Info.plist */,
				2DFCF4032A58949D0035BB42 /* dataTask.swift */,
				2DFCF4072A5898420035BB42 /* DefaultNetworkingServiceWithExtention.swift */,
				2DFCF4092A5898F10035BB42 /* ToDoItemNetworking.swift */,
			);
			path = toDoList;
			sourceTree = "<group>";
		};
		2DCF19B12A37AA63007A335D /* toDoListTests */ = {
			isa = PBXGroup;
			children = (
				2D3E22872A4FCC12003D2E8F /* test1.json */,
				2D3E22862A4FCC12003D2E8F /* test2.json */,
				2D3E22892A4FCC12003D2E8F /* test3.json */,
				2D3E22882A4FCC12003D2E8F /* test4.json */,
				2D3E228B2A4FCC12003D2E8F /* test5.json */,
				2D3E228A2A4FCC12003D2E8F /* test6.json */,
				2DCF19B22A37AA63007A335D /* toDoListTests.swift */,
			);
			path = toDoListTests;
			sourceTree = "<group>";
		};
		2DCF19BB2A37AA63007A335D /* toDoListUITests */ = {
			isa = PBXGroup;
			children = (
				2DCF19BC2A37AA63007A335D /* toDoListUITests.swift */,
				2DCF19BE2A37AA63007A335D /* toDoListUITestsLaunchTests.swift */,
			);
			path = toDoListUITests;
			sourceTree = "<group>";
		};
		8E3C4D582227ABC7B95AEE87 /* Frameworks */ = {
			isa = PBXGroup;
			children = (
			);
			name = Frameworks;
			sourceTree = "<group>";
		};
		EDFA0CD099A7BB29F78E3642 /* Pods */ = {
			isa = PBXGroup;
			children = (
				06CA043A51DD2EE9BFE47187 /* Pods-toDoList.debug.xcconfig */,
				EC414DFEC183CB55FABA4E56 /* Pods-toDoList.release.xcconfig */,
				774CA4BF8AA32DE57879144E /* Pods-toDoList-toDoListUITests.debug.xcconfig */,
				B28A383A140FADD472D1D9E1 /* Pods-toDoList-toDoListUITests.release.xcconfig */,
				BD4C65106FACF8EC83EC9C3F /* Pods-toDoListTests.debug.xcconfig */,
				644DF1E3FB702E069717EE34 /* Pods-toDoListTests.release.xcconfig */,
			);
			path = Pods;
			sourceTree = "<group>";
		};
/* End PBXGroup section */

/* Begin PBXNativeTarget section */
		2DCF19972A37AA62007A335D /* toDoList */ = {
			isa = PBXNativeTarget;
			buildConfigurationList = 2DCF19C22A37AA63007A335D /* Build configuration list for PBXNativeTarget "toDoList" */;
			buildPhases = (
				B1B78B018A80B34A73BB73DD /* [CP] Check Pods Manifest.lock */,
				2DCF19942A37AA62007A335D /* Sources */,
				2DCF19952A37AA62007A335D /* Frameworks */,
				2DCF19962A37AA62007A335D /* Resources */,
			);
			buildRules = (
			);
			dependencies = (
			);
			name = toDoList;
			packageProductDependencies = (
				2D3E225D2A4FCA54003D2E8F /* CocoaLumberjack */,
				2D3E225F2A4FCA54003D2E8F /* CocoaLumberjackSwift */,
				2D3E22612A4FCA54003D2E8F /* CocoaLumberjackSwiftLogBackend */,
			);
			productName = toDoList;
			productReference = 2DCF19982A37AA62007A335D /* toDoList.app */;
			productType = "com.apple.product-type.application";
		};
		2DCF19AD2A37AA63007A335D /* toDoListTests */ = {
			isa = PBXNativeTarget;
			buildConfigurationList = 2DCF19C52A37AA63007A335D /* Build configuration list for PBXNativeTarget "toDoListTests" */;
			buildPhases = (
				9A1B2BAA3B637C2087B84C52 /* [CP] Check Pods Manifest.lock */,
				2DCF19AA2A37AA63007A335D /* Sources */,
				2DCF19AB2A37AA63007A335D /* Frameworks */,
				2DCF19AC2A37AA63007A335D /* Resources */,
			);
			buildRules = (
			);
			dependencies = (
				2DCF19B02A37AA63007A335D /* PBXTargetDependency */,
			);
			name = toDoListTests;
			packageProductDependencies = (
				2DFCF40E2A589AD20035BB42 /* CocoaLumberjack */,
				2DFCF4102A589AD20035BB42 /* CocoaLumberjackSwift */,
				2DFCF4122A589AD20035BB42 /* CocoaLumberjackSwiftLogBackend */,
			);
			productName = toDoListTests;
			productReference = 2DCF19AE2A37AA63007A335D /* toDoListTests.xctest */;
			productType = "com.apple.product-type.bundle.unit-test";
		};
		2DCF19B72A37AA63007A335D /* toDoListUITests */ = {
			isa = PBXNativeTarget;
			buildConfigurationList = 2DCF19C82A37AA63007A335D /* Build configuration list for PBXNativeTarget "toDoListUITests" */;
			buildPhases = (
				F6FD6B8AD7B173FCD8A7BD58 /* [CP] Check Pods Manifest.lock */,
				2DCF19B42A37AA63007A335D /* Sources */,
				2DCF19B52A37AA63007A335D /* Frameworks */,
				2DCF19B62A37AA63007A335D /* Resources */,
			);
			buildRules = (
			);
			dependencies = (
				2DCF19BA2A37AA63007A335D /* PBXTargetDependency */,
			);
			name = toDoListUITests;
			packageProductDependencies = (
				2DFCF4142A589AD70035BB42 /* CocoaLumberjack */,
				2DFCF4162A589AD70035BB42 /* CocoaLumberjackSwift */,
				2DFCF4182A589AD70035BB42 /* CocoaLumberjackSwiftLogBackend */,
			);
			productName = toDoListUITests;
			productReference = 2DCF19B82A37AA63007A335D /* toDoListUITests.xctest */;
			productType = "com.apple.product-type.bundle.ui-testing";
		};
/* End PBXNativeTarget section */

/* Begin PBXProject section */
		2DCF19902A37AA62007A335D /* Project object */ = {
			isa = PBXProject;
			attributes = {
				BuildIndependentTargetsInParallel = 1;
				LastSwiftUpdateCheck = 1420;
				LastUpgradeCheck = 1420;
				TargetAttributes = {
					2DCF19972A37AA62007A335D = {
						CreatedOnToolsVersion = 14.2;
						LastSwiftMigration = 1420;
					};
					2DCF19AD2A37AA63007A335D = {
						CreatedOnToolsVersion = 14.2;
						TestTargetID = 2DCF19972A37AA62007A335D;
					};
					2DCF19B72A37AA63007A335D = {
						CreatedOnToolsVersion = 14.2;
						TestTargetID = 2DCF19972A37AA62007A335D;
					};
				};
			};
			buildConfigurationList = 2DCF19932A37AA62007A335D /* Build configuration list for PBXProject "toDoList" */;
			compatibilityVersion = "Xcode 14.0";
			developmentRegion = en;
			hasScannedForEncodings = 0;
			knownRegions = (
				en,
				Base,
			);
			mainGroup = 2DCF198F2A37AA62007A335D;
			packageReferences = (
				2D3E225C2A4FCA54003D2E8F /* XCRemoteSwiftPackageReference "CocoaLumberjack" */,
			);
			productRefGroup = 2DCF19992A37AA62007A335D /* Products */;
			projectDirPath = "";
			projectRoot = "";
			targets = (
				2DCF19972A37AA62007A335D /* toDoList */,
				2DCF19AD2A37AA63007A335D /* toDoListTests */,
				2DCF19B72A37AA63007A335D /* toDoListUITests */,
			);
		};
/* End PBXProject section */

/* Begin PBXResourcesBuildPhase section */
		2DCF19962A37AA62007A335D /* Resources */ = {
			isa = PBXResourcesBuildPhase;
			buildActionMask = 2147483647;
			files = (
				2D3E22982A4FCFE9003D2E8F /* Podfile.lock in Resources */,
				2DCF19A82A37AA63007A335D /* LaunchScreen.storyboard in Resources */,
				2DCF19A52A37AA63007A335D /* Assets.xcassets in Resources */,
				2D3E22962A4FCFE9003D2E8F /* Podfile in Resources */,
				2D3E22972A4FCFE9003D2E8F /* Pods in Resources */,
				2DCF19A32A37AA62007A335D /* Main.storyboard in Resources */,
			);
			runOnlyForDeploymentPostprocessing = 0;
		};
		2DCF19AC2A37AA63007A335D /* Resources */ = {
			isa = PBXResourcesBuildPhase;
			buildActionMask = 2147483647;
			files = (
				2D3E228C2A4FCC12003D2E8F /* test2.json in Resources */,
				2D3E228F2A4FCC12003D2E8F /* test3.json in Resources */,
				2D3E228D2A4FCC12003D2E8F /* test1.json in Resources */,
				2D3E22912A4FCC12003D2E8F /* test5.json in Resources */,
				2D3E22902A4FCC12003D2E8F /* test6.json in Resources */,
				2D3E228E2A4FCC12003D2E8F /* test4.json in Resources */,
			);
			runOnlyForDeploymentPostprocessing = 0;
		};
		2DCF19B62A37AA63007A335D /* Resources */ = {
			isa = PBXResourcesBuildPhase;
			buildActionMask = 2147483647;
			files = (
			);
			runOnlyForDeploymentPostprocessing = 0;
		};
/* End PBXResourcesBuildPhase section */

/* Begin PBXShellScriptBuildPhase section */
		9A1B2BAA3B637C2087B84C52 /* [CP] Check Pods Manifest.lock */ = {
			isa = PBXShellScriptBuildPhase;
			buildActionMask = 2147483647;
			files = (
			);
			inputFileListPaths = (
			);
			inputPaths = (
				"${PODS_PODFILE_DIR_PATH}/Podfile.lock",
				"${PODS_ROOT}/Manifest.lock",
			);
			name = "[CP] Check Pods Manifest.lock";
			outputFileListPaths = (
			);
			outputPaths = (
				"$(DERIVED_FILE_DIR)/Pods-toDoListTests-checkManifestLockResult.txt",
			);
			runOnlyForDeploymentPostprocessing = 0;
			shellPath = /bin/sh;
			shellScript = "diff \"${PODS_PODFILE_DIR_PATH}/Podfile.lock\" \"${PODS_ROOT}/Manifest.lock\" > /dev/null\nif [ $? != 0 ] ; then\n    # print error to STDERR\n    echo \"error: The sandbox is not in sync with the Podfile.lock. Run 'pod install' or update your CocoaPods installation.\" >&2\n    exit 1\nfi\n# This output is used by Xcode 'outputs' to avoid re-running this script phase.\necho \"SUCCESS\" > \"${SCRIPT_OUTPUT_FILE_0}\"\n";
			showEnvVarsInLog = 0;
		};
		B1B78B018A80B34A73BB73DD /* [CP] Check Pods Manifest.lock */ = {
			isa = PBXShellScriptBuildPhase;
			buildActionMask = 2147483647;
			files = (
			);
			inputFileListPaths = (
			);
			inputPaths = (
				"${PODS_PODFILE_DIR_PATH}/Podfile.lock",
				"${PODS_ROOT}/Manifest.lock",
			);
			name = "[CP] Check Pods Manifest.lock";
			outputFileListPaths = (
			);
			outputPaths = (
				"$(DERIVED_FILE_DIR)/Pods-toDoList-checkManifestLockResult.txt",
			);
			runOnlyForDeploymentPostprocessing = 0;
			shellPath = /bin/sh;
			shellScript = "diff \"${PODS_PODFILE_DIR_PATH}/Podfile.lock\" \"${PODS_ROOT}/Manifest.lock\" > /dev/null\nif [ $? != 0 ] ; then\n    # print error to STDERR\n    echo \"error: The sandbox is not in sync with the Podfile.lock. Run 'pod install' or update your CocoaPods installation.\" >&2\n    exit 1\nfi\n# This output is used by Xcode 'outputs' to avoid re-running this script phase.\necho \"SUCCESS\" > \"${SCRIPT_OUTPUT_FILE_0}\"\n${PODS_ROOT}/SwiftLint/swiftlint --fix && ${PODS_ROOT}/SwiftLint/swiftlint\n";
			showEnvVarsInLog = 0;
		};
		F6FD6B8AD7B173FCD8A7BD58 /* [CP] Check Pods Manifest.lock */ = {
			isa = PBXShellScriptBuildPhase;
			buildActionMask = 2147483647;
			files = (
			);
			inputFileListPaths = (
			);
			inputPaths = (
				"${PODS_PODFILE_DIR_PATH}/Podfile.lock",
				"${PODS_ROOT}/Manifest.lock",
			);
			name = "[CP] Check Pods Manifest.lock";
			outputFileListPaths = (
			);
			outputPaths = (
				"$(DERIVED_FILE_DIR)/Pods-toDoList-toDoListUITests-checkManifestLockResult.txt",
			);
			runOnlyForDeploymentPostprocessing = 0;
			shellPath = /bin/sh;
			shellScript = "diff \"${PODS_PODFILE_DIR_PATH}/Podfile.lock\" \"${PODS_ROOT}/Manifest.lock\" > /dev/null\nif [ $? != 0 ] ; then\n    # print error to STDERR\n    echo \"error: The sandbox is not in sync with the Podfile.lock. Run 'pod install' or update your CocoaPods installation.\" >&2\n    exit 1\nfi\n# This output is used by Xcode 'outputs' to avoid re-running this script phase.\necho \"SUCCESS\" > \"${SCRIPT_OUTPUT_FILE_0}\"\n";
			showEnvVarsInLog = 0;
		};
/* End PBXShellScriptBuildPhase section */

/* Begin PBXSourcesBuildPhase section */
		2DCF19942A37AA62007A335D /* Sources */ = {
			isa = PBXSourcesBuildPhase;
			buildActionMask = 2147483647;
			files = (
				2D3E22852A4FCBB8003D2E8F /* ViewController.swift in Sources */,
				2D3E22812A4FCBB3003D2E8F /* TextViewActions.swift in Sources */,
				2D3E22682A4FCB5B003D2E8F /* AppDelegate.swift in Sources */,
				2DFCF40A2A5898F10035BB42 /* ToDoItemNetworking.swift in Sources */,
				2D3E227F2A4FCBAE003D2E8F /* SwitchActions.swift in Sources */,
				2D3E226E2A4FCB93003D2E8F /* TableView.swift in Sources */,
				2D3E226C2A4FCB83003D2E8F /* listOfTasksViewController.swift in Sources */,
				2DFCF4082A5898420035BB42 /* DefaultNetworkingServiceWithExtention.swift in Sources */,
				2DFCF4042A58949D0035BB42 /* dataTask.swift in Sources */,
				2D3E22712A4FCB9E003D2E8F /* FileCache.swift in Sources */,
				2D3E22832A4FCBB6003D2E8F /* ViewActions.swift in Sources */,
				2D3E22772A4FCBA5003D2E8F /* DeleteButtonActions.swift in Sources */,
				2D3E22792A4FCBA7003D2E8F /* DateSelectionActions.swift in Sources */,
				2D3E22732A4FCBA0003D2E8F /* TodoItem.swift in Sources */,
				2D3E227D2A4FCBAC003D2E8F /* SegmentControlActions.swift in Sources */,
				2D3E22752A4FCBA3003D2E8F /* Constrains.swift in Sources */,
				2D3E22662A4FCB4E003D2E8F /* SceneDelegate.swift in Sources */,
				2D3E227B2A4FCBAA003D2E8F /* SaveLabelActions.swift in Sources */,
			);
			runOnlyForDeploymentPostprocessing = 0;
		};
		2DCF19AA2A37AA63007A335D /* Sources */ = {
			isa = PBXSourcesBuildPhase;
			buildActionMask = 2147483647;
			files = (
				2DCF19B32A37AA63007A335D /* toDoListTests.swift in Sources */,
			);
			runOnlyForDeploymentPostprocessing = 0;
		};
		2DCF19B42A37AA63007A335D /* Sources */ = {
			isa = PBXSourcesBuildPhase;
			buildActionMask = 2147483647;
			files = (
				2DCF19BF2A37AA63007A335D /* toDoListUITestsLaunchTests.swift in Sources */,
				2DCF19BD2A37AA63007A335D /* toDoListUITests.swift in Sources */,
			);
			runOnlyForDeploymentPostprocessing = 0;
		};
/* End PBXSourcesBuildPhase section */

/* Begin PBXTargetDependency section */
		2DCF19B02A37AA63007A335D /* PBXTargetDependency */ = {
			isa = PBXTargetDependency;
			target = 2DCF19972A37AA62007A335D /* toDoList */;
			targetProxy = 2DCF19AF2A37AA63007A335D /* PBXContainerItemProxy */;
		};
		2DCF19BA2A37AA63007A335D /* PBXTargetDependency */ = {
			isa = PBXTargetDependency;
			target = 2DCF19972A37AA62007A335D /* toDoList */;
			targetProxy = 2DCF19B92A37AA63007A335D /* PBXContainerItemProxy */;
		};
/* End PBXTargetDependency section */

/* Begin PBXVariantGroup section */
		2DCF19A12A37AA62007A335D /* Main.storyboard */ = {
			isa = PBXVariantGroup;
			children = (
				2DCF19A22A37AA62007A335D /* Base */,
			);
			name = Main.storyboard;
			sourceTree = "<group>";
		};
		2DCF19A62A37AA63007A335D /* LaunchScreen.storyboard */ = {
			isa = PBXVariantGroup;
			children = (
				2DCF19A72A37AA63007A335D /* Base */,
			);
			name = LaunchScreen.storyboard;
			sourceTree = "<group>";
		};
/* End PBXVariantGroup section */

/* Begin XCBuildConfiguration section */
		2DCF19C02A37AA63007A335D /* Debug */ = {
			isa = XCBuildConfiguration;
			buildSettings = {
				ALWAYS_SEARCH_USER_PATHS = NO;
				CLANG_ANALYZER_NONNULL = YES;
				CLANG_ANALYZER_NUMBER_OBJECT_CONVERSION = YES_AGGRESSIVE;
				CLANG_CXX_LANGUAGE_STANDARD = "gnu++20";
				CLANG_ENABLE_MODULES = YES;
				CLANG_ENABLE_OBJC_ARC = YES;
				CLANG_ENABLE_OBJC_WEAK = YES;
				CLANG_WARN_BLOCK_CAPTURE_AUTORELEASING = YES;
				CLANG_WARN_BOOL_CONVERSION = YES;
				CLANG_WARN_COMMA = YES;
				CLANG_WARN_CONSTANT_CONVERSION = YES;
				CLANG_WARN_DEPRECATED_OBJC_IMPLEMENTATIONS = YES;
				CLANG_WARN_DIRECT_OBJC_ISA_USAGE = YES_ERROR;
				CLANG_WARN_DOCUMENTATION_COMMENTS = YES;
				CLANG_WARN_EMPTY_BODY = YES;
				CLANG_WARN_ENUM_CONVERSION = YES;
				CLANG_WARN_INFINITE_RECURSION = YES;
				CLANG_WARN_INT_CONVERSION = YES;
				CLANG_WARN_NON_LITERAL_NULL_CONVERSION = YES;
				CLANG_WARN_OBJC_IMPLICIT_RETAIN_SELF = YES;
				CLANG_WARN_OBJC_LITERAL_CONVERSION = YES;
				CLANG_WARN_OBJC_ROOT_CLASS = YES_ERROR;
				CLANG_WARN_QUOTED_INCLUDE_IN_FRAMEWORK_HEADER = YES;
				CLANG_WARN_RANGE_LOOP_ANALYSIS = YES;
				CLANG_WARN_STRICT_PROTOTYPES = YES;
				CLANG_WARN_SUSPICIOUS_MOVE = YES;
				CLANG_WARN_UNGUARDED_AVAILABILITY = YES_AGGRESSIVE;
				CLANG_WARN_UNREACHABLE_CODE = YES;
				CLANG_WARN__DUPLICATE_METHOD_MATCH = YES;
				COPY_PHASE_STRIP = NO;
				DEBUG_INFORMATION_FORMAT = dwarf;
				ENABLE_STRICT_OBJC_MSGSEND = YES;
				ENABLE_TESTABILITY = YES;
				GCC_C_LANGUAGE_STANDARD = gnu11;
				GCC_DYNAMIC_NO_PIC = NO;
				GCC_NO_COMMON_BLOCKS = YES;
				GCC_OPTIMIZATION_LEVEL = 0;
				GCC_PREPROCESSOR_DEFINITIONS = (
					"DEBUG=1",
					"$(inherited)",
				);
				GCC_WARN_64_TO_32_BIT_CONVERSION = YES;
				GCC_WARN_ABOUT_RETURN_TYPE = YES_ERROR;
				GCC_WARN_UNDECLARED_SELECTOR = YES;
				GCC_WARN_UNINITIALIZED_AUTOS = YES_AGGRESSIVE;
				GCC_WARN_UNUSED_FUNCTION = YES;
				GCC_WARN_UNUSED_VARIABLE = YES;
				IPHONEOS_DEPLOYMENT_TARGET = 16.2;
				MTL_ENABLE_DEBUG_INFO = INCLUDE_SOURCE;
				MTL_FAST_MATH = YES;
				ONLY_ACTIVE_ARCH = YES;
				SDKROOT = iphoneos;
				SWIFT_ACTIVE_COMPILATION_CONDITIONS = DEBUG;
				SWIFT_OPTIMIZATION_LEVEL = "-Onone";
			};
			name = Debug;
		};
		2DCF19C12A37AA63007A335D /* Release */ = {
			isa = XCBuildConfiguration;
			buildSettings = {
				ALWAYS_SEARCH_USER_PATHS = NO;
				CLANG_ANALYZER_NONNULL = YES;
				CLANG_ANALYZER_NUMBER_OBJECT_CONVERSION = YES_AGGRESSIVE;
				CLANG_CXX_LANGUAGE_STANDARD = "gnu++20";
				CLANG_ENABLE_MODULES = YES;
				CLANG_ENABLE_OBJC_ARC = YES;
				CLANG_ENABLE_OBJC_WEAK = YES;
				CLANG_WARN_BLOCK_CAPTURE_AUTORELEASING = YES;
				CLANG_WARN_BOOL_CONVERSION = YES;
				CLANG_WARN_COMMA = YES;
				CLANG_WARN_CONSTANT_CONVERSION = YES;
				CLANG_WARN_DEPRECATED_OBJC_IMPLEMENTATIONS = YES;
				CLANG_WARN_DIRECT_OBJC_ISA_USAGE = YES_ERROR;
				CLANG_WARN_DOCUMENTATION_COMMENTS = YES;
				CLANG_WARN_EMPTY_BODY = YES;
				CLANG_WARN_ENUM_CONVERSION = YES;
				CLANG_WARN_INFINITE_RECURSION = YES;
				CLANG_WARN_INT_CONVERSION = YES;
				CLANG_WARN_NON_LITERAL_NULL_CONVERSION = YES;
				CLANG_WARN_OBJC_IMPLICIT_RETAIN_SELF = YES;
				CLANG_WARN_OBJC_LITERAL_CONVERSION = YES;
				CLANG_WARN_OBJC_ROOT_CLASS = YES_ERROR;
				CLANG_WARN_QUOTED_INCLUDE_IN_FRAMEWORK_HEADER = YES;
				CLANG_WARN_RANGE_LOOP_ANALYSIS = YES;
				CLANG_WARN_STRICT_PROTOTYPES = YES;
				CLANG_WARN_SUSPICIOUS_MOVE = YES;
				CLANG_WARN_UNGUARDED_AVAILABILITY = YES_AGGRESSIVE;
				CLANG_WARN_UNREACHABLE_CODE = YES;
				CLANG_WARN__DUPLICATE_METHOD_MATCH = YES;
				COPY_PHASE_STRIP = NO;
				DEBUG_INFORMATION_FORMAT = "dwarf-with-dsym";
				ENABLE_NS_ASSERTIONS = NO;
				ENABLE_STRICT_OBJC_MSGSEND = YES;
				GCC_C_LANGUAGE_STANDARD = gnu11;
				GCC_NO_COMMON_BLOCKS = YES;
				GCC_WARN_64_TO_32_BIT_CONVERSION = YES;
				GCC_WARN_ABOUT_RETURN_TYPE = YES_ERROR;
				GCC_WARN_UNDECLARED_SELECTOR = YES;
				GCC_WARN_UNINITIALIZED_AUTOS = YES_AGGRESSIVE;
				GCC_WARN_UNUSED_FUNCTION = YES;
				GCC_WARN_UNUSED_VARIABLE = YES;
				IPHONEOS_DEPLOYMENT_TARGET = 16.2;
				MTL_ENABLE_DEBUG_INFO = NO;
				MTL_FAST_MATH = YES;
				SDKROOT = iphoneos;
				SWIFT_COMPILATION_MODE = wholemodule;
				SWIFT_OPTIMIZATION_LEVEL = "-O";
				VALIDATE_PRODUCT = YES;
			};
			name = Release;
		};
		2DCF19C32A37AA63007A335D /* Debug */ = {
			isa = XCBuildConfiguration;
			baseConfigurationReference = 06CA043A51DD2EE9BFE47187 /* Pods-toDoList.debug.xcconfig */;
			buildSettings = {
				ASSETCATALOG_COMPILER_APPICON_NAME = AppIcon;
				ASSETCATALOG_COMPILER_GLOBAL_ACCENT_COLOR_NAME = AccentColor;
				CLANG_ENABLE_MODULES = YES;
				CODE_SIGN_STYLE = Automatic;
				CURRENT_PROJECT_VERSION = 1;
				DEVELOPMENT_TEAM = B95M54369M;
				GENERATE_INFOPLIST_FILE = YES;
				INFOPLIST_FILE = toDoList/Info.plist;
				INFOPLIST_KEY_UIApplicationSupportsIndirectInputEvents = YES;
				INFOPLIST_KEY_UILaunchStoryboardName = LaunchScreen;
				INFOPLIST_KEY_UIMainStoryboardFile = Main;
				INFOPLIST_KEY_UISupportedInterfaceOrientations_iPad = "UIInterfaceOrientationPortrait UIInterfaceOrientationPortraitUpsideDown UIInterfaceOrientationLandscapeLeft UIInterfaceOrientationLandscapeRight";
				INFOPLIST_KEY_UISupportedInterfaceOrientations_iPhone = "UIInterfaceOrientationPortrait UIInterfaceOrientationLandscapeLeft UIInterfaceOrientationLandscapeRight";
				LD_RUNPATH_SEARCH_PATHS = (
					"$(inherited)",
					"@executable_path/Frameworks",
				);
				MARKETING_VERSION = 1.0;
				PRODUCT_BUNDLE_IDENTIFIER = marsppk.toDoList;
				PRODUCT_NAME = "$(TARGET_NAME)";
				SWIFT_EMIT_LOC_STRINGS = YES;
				SWIFT_OPTIMIZATION_LEVEL = "-Onone";
				SWIFT_STRICT_CONCURRENCY = complete;
				SWIFT_VERSION = 5.0;
				TARGETED_DEVICE_FAMILY = "1,2";
			};
			name = Debug;
		};
		2DCF19C42A37AA63007A335D /* Release */ = {
			isa = XCBuildConfiguration;
			baseConfigurationReference = EC414DFEC183CB55FABA4E56 /* Pods-toDoList.release.xcconfig */;
			buildSettings = {
				ASSETCATALOG_COMPILER_APPICON_NAME = AppIcon;
				ASSETCATALOG_COMPILER_GLOBAL_ACCENT_COLOR_NAME = AccentColor;
				CLANG_ENABLE_MODULES = YES;
				CODE_SIGN_STYLE = Automatic;
				CURRENT_PROJECT_VERSION = 1;
				DEVELOPMENT_TEAM = B95M54369M;
				GENERATE_INFOPLIST_FILE = YES;
				INFOPLIST_FILE = toDoList/Info.plist;
				INFOPLIST_KEY_UIApplicationSupportsIndirectInputEvents = YES;
				INFOPLIST_KEY_UILaunchStoryboardName = LaunchScreen;
				INFOPLIST_KEY_UIMainStoryboardFile = Main;
				INFOPLIST_KEY_UISupportedInterfaceOrientations_iPad = "UIInterfaceOrientationPortrait UIInterfaceOrientationPortraitUpsideDown UIInterfaceOrientationLandscapeLeft UIInterfaceOrientationLandscapeRight";
				INFOPLIST_KEY_UISupportedInterfaceOrientations_iPhone = "UIInterfaceOrientationPortrait UIInterfaceOrientationLandscapeLeft UIInterfaceOrientationLandscapeRight";
				LD_RUNPATH_SEARCH_PATHS = (
					"$(inherited)",
					"@executable_path/Frameworks",
				);
				MARKETING_VERSION = 1.0;
				PRODUCT_BUNDLE_IDENTIFIER = marsppk.toDoList;
				PRODUCT_NAME = "$(TARGET_NAME)";
				SWIFT_EMIT_LOC_STRINGS = YES;
				SWIFT_STRICT_CONCURRENCY = complete;
				SWIFT_VERSION = 5.0;
				TARGETED_DEVICE_FAMILY = "1,2";
			};
			name = Release;
		};
		2DCF19C62A37AA63007A335D /* Debug */ = {
			isa = XCBuildConfiguration;
			baseConfigurationReference = BD4C65106FACF8EC83EC9C3F /* Pods-toDoListTests.debug.xcconfig */;
			buildSettings = {
				ALWAYS_EMBED_SWIFT_STANDARD_LIBRARIES = YES;
				BUNDLE_LOADER = "$(TEST_HOST)";
				CODE_SIGN_STYLE = Automatic;
				CURRENT_PROJECT_VERSION = 1;
				GENERATE_INFOPLIST_FILE = YES;
				IPHONEOS_DEPLOYMENT_TARGET = 16.2;
				MARKETING_VERSION = 1.0;
				PRODUCT_BUNDLE_IDENTIFIER = "-.toDoListTests";
				PRODUCT_NAME = "$(TARGET_NAME)";
				SWIFT_EMIT_LOC_STRINGS = NO;
				SWIFT_VERSION = 5.0;
				TARGETED_DEVICE_FAMILY = "1,2";
				TEST_HOST = "$(BUILT_PRODUCTS_DIR)/toDoList.app/$(BUNDLE_EXECUTABLE_FOLDER_PATH)/toDoList";
			};
			name = Debug;
		};
		2DCF19C72A37AA63007A335D /* Release */ = {
			isa = XCBuildConfiguration;
			baseConfigurationReference = 644DF1E3FB702E069717EE34 /* Pods-toDoListTests.release.xcconfig */;
			buildSettings = {
				ALWAYS_EMBED_SWIFT_STANDARD_LIBRARIES = YES;
				BUNDLE_LOADER = "$(TEST_HOST)";
				CODE_SIGN_STYLE = Automatic;
				CURRENT_PROJECT_VERSION = 1;
				GENERATE_INFOPLIST_FILE = YES;
				IPHONEOS_DEPLOYMENT_TARGET = 16.2;
				MARKETING_VERSION = 1.0;
				PRODUCT_BUNDLE_IDENTIFIER = "-.toDoListTests";
				PRODUCT_NAME = "$(TARGET_NAME)";
				SWIFT_EMIT_LOC_STRINGS = NO;
				SWIFT_VERSION = 5.0;
				TARGETED_DEVICE_FAMILY = "1,2";
				TEST_HOST = "$(BUILT_PRODUCTS_DIR)/toDoList.app/$(BUNDLE_EXECUTABLE_FOLDER_PATH)/toDoList";
			};
			name = Release;
		};
		2DCF19C92A37AA63007A335D /* Debug */ = {
			isa = XCBuildConfiguration;
			baseConfigurationReference = 774CA4BF8AA32DE57879144E /* Pods-toDoList-toDoListUITests.debug.xcconfig */;
			buildSettings = {
				ALWAYS_EMBED_SWIFT_STANDARD_LIBRARIES = YES;
				CODE_SIGN_STYLE = Automatic;
				CURRENT_PROJECT_VERSION = 1;
				GENERATE_INFOPLIST_FILE = YES;
				MARKETING_VERSION = 1.0;
				PRODUCT_BUNDLE_IDENTIFIER = "-.toDoListUITests";
				PRODUCT_NAME = "$(TARGET_NAME)";
				SWIFT_EMIT_LOC_STRINGS = NO;
				SWIFT_VERSION = 5.0;
				TARGETED_DEVICE_FAMILY = "1,2";
				TEST_TARGET_NAME = toDoList;
			};
			name = Debug;
		};
		2DCF19CA2A37AA63007A335D /* Release */ = {
			isa = XCBuildConfiguration;
			baseConfigurationReference = B28A383A140FADD472D1D9E1 /* Pods-toDoList-toDoListUITests.release.xcconfig */;
			buildSettings = {
				ALWAYS_EMBED_SWIFT_STANDARD_LIBRARIES = YES;
				CODE_SIGN_STYLE = Automatic;
				CURRENT_PROJECT_VERSION = 1;
				GENERATE_INFOPLIST_FILE = YES;
				MARKETING_VERSION = 1.0;
				PRODUCT_BUNDLE_IDENTIFIER = "-.toDoListUITests";
				PRODUCT_NAME = "$(TARGET_NAME)";
				SWIFT_EMIT_LOC_STRINGS = NO;
				SWIFT_VERSION = 5.0;
				TARGETED_DEVICE_FAMILY = "1,2";
				TEST_TARGET_NAME = toDoList;
			};
			name = Release;
		};
/* End XCBuildConfiguration section */

/* Begin XCConfigurationList section */
		2DCF19932A37AA62007A335D /* Build configuration list for PBXProject "toDoList" */ = {
			isa = XCConfigurationList;
			buildConfigurations = (
				2DCF19C02A37AA63007A335D /* Debug */,
				2DCF19C12A37AA63007A335D /* Release */,
			);
			defaultConfigurationIsVisible = 0;
			defaultConfigurationName = Release;
		};
		2DCF19C22A37AA63007A335D /* Build configuration list for PBXNativeTarget "toDoList" */ = {
			isa = XCConfigurationList;
			buildConfigurations = (
				2DCF19C32A37AA63007A335D /* Debug */,
				2DCF19C42A37AA63007A335D /* Release */,
			);
			defaultConfigurationIsVisible = 0;
			defaultConfigurationName = Release;
		};
		2DCF19C52A37AA63007A335D /* Build configuration list for PBXNativeTarget "toDoListTests" */ = {
			isa = XCConfigurationList;
			buildConfigurations = (
				2DCF19C62A37AA63007A335D /* Debug */,
				2DCF19C72A37AA63007A335D /* Release */,
			);
			defaultConfigurationIsVisible = 0;
			defaultConfigurationName = Release;
		};
		2DCF19C82A37AA63007A335D /* Build configuration list for PBXNativeTarget "toDoListUITests" */ = {
			isa = XCConfigurationList;
			buildConfigurations = (
				2DCF19C92A37AA63007A335D /* Debug */,
				2DCF19CA2A37AA63007A335D /* Release */,
			);
			defaultConfigurationIsVisible = 0;
			defaultConfigurationName = Release;
		};
/* End XCConfigurationList section */

/* Begin XCRemoteSwiftPackageReference section */
		2D3E225C2A4FCA54003D2E8F /* XCRemoteSwiftPackageReference "CocoaLumberjack" */ = {
			isa = XCRemoteSwiftPackageReference;
			repositoryURL = "https://github.com/CocoaLumberjack/CocoaLumberjack";
			requirement = {
				branch = master;
				kind = branch;
			};
		};
/* End XCRemoteSwiftPackageReference section */

/* Begin XCSwiftPackageProductDependency section */
		2D3E225D2A4FCA54003D2E8F /* CocoaLumberjack */ = {
			isa = XCSwiftPackageProductDependency;
			package = 2D3E225C2A4FCA54003D2E8F /* XCRemoteSwiftPackageReference "CocoaLumberjack" */;
			productName = CocoaLumberjack;
		};
		2D3E225F2A4FCA54003D2E8F /* CocoaLumberjackSwift */ = {
			isa = XCSwiftPackageProductDependency;
			package = 2D3E225C2A4FCA54003D2E8F /* XCRemoteSwiftPackageReference "CocoaLumberjack" */;
			productName = CocoaLumberjackSwift;
		};
		2D3E22612A4FCA54003D2E8F /* CocoaLumberjackSwiftLogBackend */ = {
			isa = XCSwiftPackageProductDependency;
			package = 2D3E225C2A4FCA54003D2E8F /* XCRemoteSwiftPackageReference "CocoaLumberjack" */;
			productName = CocoaLumberjackSwiftLogBackend;
		};
		2DFCF40E2A589AD20035BB42 /* CocoaLumberjack */ = {
			isa = XCSwiftPackageProductDependency;
			package = 2D3E225C2A4FCA54003D2E8F /* XCRemoteSwiftPackageReference "CocoaLumberjack" */;
			productName = CocoaLumberjack;
		};
		2DFCF4102A589AD20035BB42 /* CocoaLumberjackSwift */ = {
			isa = XCSwiftPackageProductDependency;
			package = 2D3E225C2A4FCA54003D2E8F /* XCRemoteSwiftPackageReference "CocoaLumberjack" */;
			productName = CocoaLumberjackSwift;
		};
		2DFCF4122A589AD20035BB42 /* CocoaLumberjackSwiftLogBackend */ = {
			isa = XCSwiftPackageProductDependency;
			package = 2D3E225C2A4FCA54003D2E8F /* XCRemoteSwiftPackageReference "CocoaLumberjack" */;
			productName = CocoaLumberjackSwiftLogBackend;
		};
		2DFCF4142A589AD70035BB42 /* CocoaLumberjack */ = {
			isa = XCSwiftPackageProductDependency;
			package = 2D3E225C2A4FCA54003D2E8F /* XCRemoteSwiftPackageReference "CocoaLumberjack" */;
			productName = CocoaLumberjack;
		};
		2DFCF4162A589AD70035BB42 /* CocoaLumberjackSwift */ = {
			isa = XCSwiftPackageProductDependency;
			package = 2D3E225C2A4FCA54003D2E8F /* XCRemoteSwiftPackageReference "CocoaLumberjack" */;
			productName = CocoaLumberjackSwift;
		};
		2DFCF4182A589AD70035BB42 /* CocoaLumberjackSwiftLogBackend */ = {
			isa = XCSwiftPackageProductDependency;
			package = 2D3E225C2A4FCA54003D2E8F /* XCRemoteSwiftPackageReference "CocoaLumberjack" */;
			productName = CocoaLumberjackSwiftLogBackend;
		};
/* End XCSwiftPackageProductDependency section */
	};
	rootObject = 2DCF19902A37AA62007A335D /* Project object */;
}
