// !$*UTF8*$!
{
	archiveVersion = 1;
	classes = {
	};
	objectVersion = 56;
	objects = {

/* Begin PBXBuildFile section */
		2D279BD52A3D854100D19F7F /* test1.json in Resources */ = {isa = PBXBuildFile; fileRef = 2D279BD42A3D854100D19F7F /* test1.json */; };
		2D279BE22A3DB84B00D19F7F /* test5.json in Resources */ = {isa = PBXBuildFile; fileRef = 2D279BDE2A3DB84B00D19F7F /* test5.json */; };
		2D279BE32A3DB84B00D19F7F /* test4.json in Resources */ = {isa = PBXBuildFile; fileRef = 2D279BDF2A3DB84B00D19F7F /* test4.json */; };
		2D279BE42A3DB84B00D19F7F /* test3.json in Resources */ = {isa = PBXBuildFile; fileRef = 2D279BE02A3DB84B00D19F7F /* test3.json */; };
		2D279BE52A3DB84B00D19F7F /* test2.json in Resources */ = {isa = PBXBuildFile; fileRef = 2D279BE12A3DB84B00D19F7F /* test2.json */; };
		2DCF199C2A37AA62007A335D /* AppDelegate.swift in Sources */ = {isa = PBXBuildFile; fileRef = 2DCF199B2A37AA62007A335D /* AppDelegate.swift */; };
		2DCF199E2A37AA62007A335D /* SceneDelegate.swift in Sources */ = {isa = PBXBuildFile; fileRef = 2DCF199D2A37AA62007A335D /* SceneDelegate.swift */; };
		2DCF19A02A37AA62007A335D /* ViewController.swift in Sources */ = {isa = PBXBuildFile; fileRef = 2DCF199F2A37AA62007A335D /* ViewController.swift */; };
		2DCF19A32A37AA62007A335D /* Main.storyboard in Resources */ = {isa = PBXBuildFile; fileRef = 2DCF19A12A37AA62007A335D /* Main.storyboard */; };
		2DCF19A52A37AA63007A335D /* Assets.xcassets in Resources */ = {isa = PBXBuildFile; fileRef = 2DCF19A42A37AA63007A335D /* Assets.xcassets */; };
		2DCF19A82A37AA63007A335D /* LaunchScreen.storyboard in Resources */ = {isa = PBXBuildFile; fileRef = 2DCF19A62A37AA63007A335D /* LaunchScreen.storyboard */; };
		2DCF19B32A37AA63007A335D /* toDoListTests.swift in Sources */ = {isa = PBXBuildFile; fileRef = 2DCF19B22A37AA63007A335D /* toDoListTests.swift */; };
		2DCF19BD2A37AA63007A335D /* toDoListUITests.swift in Sources */ = {isa = PBXBuildFile; fileRef = 2DCF19BC2A37AA63007A335D /* toDoListUITests.swift */; };
		2DCF19BF2A37AA63007A335D /* toDoListUITestsLaunchTests.swift in Sources */ = {isa = PBXBuildFile; fileRef = 2DCF19BE2A37AA63007A335D /* toDoListUITestsLaunchTests.swift */; };
		2DCF19CC2A37ADFD007A335D /* TodoItem.swift in Sources */ = {isa = PBXBuildFile; fileRef = 2DCF19CB2A37ADFD007A335D /* TodoItem.swift */; };
		2DCF19D22A3B11E9007A335D /* FileCache.swift in Sources */ = {isa = PBXBuildFile; fileRef = 2DCF19D12A3B11E9007A335D /* FileCache.swift */; };
/* End PBXBuildFile section */

/* Begin PBXContainerItemProxy section */
		2DCF19AF2A37AA63007A335D /* PBXContainerItemProxy */ = {
			isa = PBXContainerItemProxy;
			containerPortal = 2DCF19902A37AA62007A335D /* Project object */;
			proxyType = 1;
			remoteGlobalIDString = 2DCF19972A37AA62007A335D;
			remoteInfo = toDoList;
		};
		2DCF19B92A37AA63007A335D /* PBXContainerItemProxy */ = {
			isa = PBXContainerItemProxy;
			containerPortal = 2DCF19902A37AA62007A335D /* Project object */;
			proxyType = 1;
			remoteGlobalIDString = 2DCF19972A37AA62007A335D;
			remoteInfo = toDoList;
		};
/* End PBXContainerItemProxy section */

/* Begin PBXFileReference section */
		2D279BD42A3D854100D19F7F /* test1.json */ = {isa = PBXFileReference; fileEncoding = 4; lastKnownFileType = text.json; name = test1.json; path = ../../../Downloads/test1.json; sourceTree = "<group>"; };
		2D279BDE2A3DB84B00D19F7F /* test5.json */ = {isa = PBXFileReference; fileEncoding = 4; lastKnownFileType = text.json; path = test5.json; sourceTree = "<group>"; };
		2D279BDF2A3DB84B00D19F7F /* test4.json */ = {isa = PBXFileReference; fileEncoding = 4; lastKnownFileType = text.json; path = test4.json; sourceTree = "<group>"; };
		2D279BE02A3DB84B00D19F7F /* test3.json */ = {isa = PBXFileReference; fileEncoding = 4; lastKnownFileType = text.json; path = test3.json; sourceTree = "<group>"; };
		2D279BE12A3DB84B00D19F7F /* test2.json */ = {isa = PBXFileReference; fileEncoding = 4; lastKnownFileType = text.json; path = test2.json; sourceTree = "<group>"; };
		2DCF19982A37AA62007A335D /* toDoList.app */ = {isa = PBXFileReference; explicitFileType = wrapper.application; includeInIndex = 0; path = toDoList.app; sourceTree = BUILT_PRODUCTS_DIR; };
		2DCF199B2A37AA62007A335D /* AppDelegate.swift */ = {isa = PBXFileReference; lastKnownFileType = sourcecode.swift; path = AppDelegate.swift; sourceTree = "<group>"; };
		2DCF199D2A37AA62007A335D /* SceneDelegate.swift */ = {isa = PBXFileReference; lastKnownFileType = sourcecode.swift; path = SceneDelegate.swift; sourceTree = "<group>"; };
		2DCF199F2A37AA62007A335D /* ViewController.swift */ = {isa = PBXFileReference; lastKnownFileType = sourcecode.swift; path = ViewController.swift; sourceTree = "<group>"; };
		2DCF19A22A37AA62007A335D /* Base */ = {isa = PBXFileReference; lastKnownFileType = file.storyboard; name = Base; path = Base.lproj/Main.storyboard; sourceTree = "<group>"; };
		2DCF19A42A37AA63007A335D /* Assets.xcassets */ = {isa = PBXFileReference; lastKnownFileType = folder.assetcatalog; path = Assets.xcassets; sourceTree = "<group>"; };
		2DCF19A72A37AA63007A335D /* Base */ = {isa = PBXFileReference; lastKnownFileType = file.storyboard; name = Base; path = Base.lproj/LaunchScreen.storyboard; sourceTree = "<group>"; };
		2DCF19A92A37AA63007A335D /* Info.plist */ = {isa = PBXFileReference; lastKnownFileType = text.plist.xml; path = Info.plist; sourceTree = "<group>"; };
		2DCF19AE2A37AA63007A335D /* toDoListTests.xctest */ = {isa = PBXFileReference; explicitFileType = wrapper.cfbundle; includeInIndex = 0; path = toDoListTests.xctest; sourceTree = BUILT_PRODUCTS_DIR; };
		2DCF19B22A37AA63007A335D /* toDoListTests.swift */ = {isa = PBXFileReference; lastKnownFileType = sourcecode.swift; path = toDoListTests.swift; sourceTree = "<group>"; };
		2DCF19B82A37AA63007A335D /* toDoListUITests.xctest */ = {isa = PBXFileReference; explicitFileType = wrapper.cfbundle; includeInIndex = 0; path = toDoListUITests.xctest; sourceTree = BUILT_PRODUCTS_DIR; };
		2DCF19BC2A37AA63007A335D /* toDoListUITests.swift */ = {isa = PBXFileReference; lastKnownFileType = sourcecode.swift; path = toDoListUITests.swift; sourceTree = "<group>"; };
		2DCF19BE2A37AA63007A335D /* toDoListUITestsLaunchTests.swift */ = {isa = PBXFileReference; lastKnownFileType = sourcecode.swift; path = toDoListUITestsLaunchTests.swift; sourceTree = "<group>"; };
		2DCF19CB2A37ADFD007A335D /* TodoItem.swift */ = {isa = PBXFileReference; lastKnownFileType = sourcecode.swift; path = TodoItem.swift; sourceTree = "<group>"; };
		2DCF19D12A3B11E9007A335D /* FileCache.swift */ = {isa = PBXFileReference; lastKnownFileType = sourcecode.swift; path = FileCache.swift; sourceTree = "<group>"; };
/* End PBXFileReference section */

/* Begin PBXFrameworksBuildPhase section */
		2DCF19952A37AA62007A335D /* Frameworks */ = {
			isa = PBXFrameworksBuildPhase;
			buildActionMask = 2147483647;
			files = (
			);
			runOnlyForDeploymentPostprocessing = 0;
		};
		2DCF19AB2A37AA63007A335D /* Frameworks */ = {
			isa = PBXFrameworksBuildPhase;
			buildActionMask = 2147483647;
			files = (
			);
			runOnlyForDeploymentPostprocessing = 0;
		};
		2DCF19B52A37AA63007A335D /* Frameworks */ = {
			isa = PBXFrameworksBuildPhase;
			buildActionMask = 2147483647;
			files = (
			);
			runOnlyForDeploymentPostprocessing = 0;
		};
/* End PBXFrameworksBuildPhase section */

/* Begin PBXGroup section */
		2DCF198F2A37AA62007A335D = {
			isa = PBXGroup;
			children = (
				2DCF199A2A37AA62007A335D /* toDoList */,
				2DCF19B12A37AA63007A335D /* toDoListTests */,
				2DCF19BB2A37AA63007A335D /* toDoListUITests */,
				2DCF19992A37AA62007A335D /* Products */,
			);
			sourceTree = "<group>";
		};
		2DCF19992A37AA62007A335D /* Products */ = {
			isa = PBXGroup;
			children = (
				2DCF19982A37AA62007A335D /* toDoList.app */,
				2DCF19AE2A37AA63007A335D /* toDoListTests.xctest */,
				2DCF19B82A37AA63007A335D /* toDoListUITests.xctest */,
			);
			name = Products;
			sourceTree = "<group>";
		};
		2DCF199A2A37AA62007A335D /* toDoList */ = {
			isa = PBXGroup;
			children = (
				2D279BE12A3DB84B00D19F7F /* test2.json */,
				2D279BE02A3DB84B00D19F7F /* test3.json */,
				2D279BDF2A3DB84B00D19F7F /* test4.json */,
				2D279BDE2A3DB84B00D19F7F /* test5.json */,
				2D279BD42A3D854100D19F7F /* test1.json */,
				2DCF199B2A37AA62007A335D /* AppDelegate.swift */,
				2DCF199D2A37AA62007A335D /* SceneDelegate.swift */,
				2DCF19D12A3B11E9007A335D /* FileCache.swift */,
				2DCF19CB2A37ADFD007A335D /* TodoItem.swift */,
				2DCF199F2A37AA62007A335D /* ViewController.swift */,
				2DCF19A12A37AA62007A335D /* Main.storyboard */,
				2DCF19A42A37AA63007A335D /* Assets.xcassets */,
				2DCF19A62A37AA63007A335D /* LaunchScreen.storyboard */,
				2DCF19A92A37AA63007A335D /* Info.plist */,
			);
			path = toDoList;
			sourceTree = "<group>";
		};
		2DCF19B12A37AA63007A335D /* toDoListTests */ = {
			isa = PBXGroup;
			children = (
				2DCF19B22A37AA63007A335D /* toDoListTests.swift */,
			);
			path = toDoListTests;
			sourceTree = "<group>";
		};
		2DCF19BB2A37AA63007A335D /* toDoListUITests */ = {
			isa = PBXGroup;
			children = (
				2DCF19BC2A37AA63007A335D /* toDoListUITests.swift */,
				2DCF19BE2A37AA63007A335D /* toDoListUITestsLaunchTests.swift */,
			);
			path = toDoListUITests;
			sourceTree = "<group>";
		};
/* End PBXGroup section */

/* Begin PBXNativeTarget section */
		2DCF19972A37AA62007A335D /* toDoList */ = {
			isa = PBXNativeTarget;
			buildConfigurationList = 2DCF19C22A37AA63007A335D /* Build configuration list for PBXNativeTarget "toDoList" */;
			buildPhases = (
				2DCF19942A37AA62007A335D /* Sources */,
				2DCF19952A37AA62007A335D /* Frameworks */,
				2DCF19962A37AA62007A335D /* Resources */,
			);
			buildRules = (
			);
			dependencies = (
			);
			name = toDoList;
			productName = toDoList;
			productReference = 2DCF19982A37AA62007A335D /* toDoList.app */;
			productType = "com.apple.product-type.application";
		};
		2DCF19AD2A37AA63007A335D /* toDoListTests */ = {
			isa = PBXNativeTarget;
			buildConfigurationList = 2DCF19C52A37AA63007A335D /* Build configuration list for PBXNativeTarget "toDoListTests" */;
			buildPhases = (
				2DCF19AA2A37AA63007A335D /* Sources */,
				2DCF19AB2A37AA63007A335D /* Frameworks */,
				2DCF19AC2A37AA63007A335D /* Resources */,
			);
			buildRules = (
			);
			dependencies = (
				2DCF19B02A37AA63007A335D /* PBXTargetDependency */,
			);
			name = toDoListTests;
			productName = toDoListTests;
			productReference = 2DCF19AE2A37AA63007A335D /* toDoListTests.xctest */;
			productType = "com.apple.product-type.bundle.unit-test";
		};
		2DCF19B72A37AA63007A335D /* toDoListUITests */ = {
			isa = PBXNativeTarget;
			buildConfigurationList = 2DCF19C82A37AA63007A335D /* Build configuration list for PBXNativeTarget "toDoListUITests" */;
			buildPhases = (
				2DCF19B42A37AA63007A335D /* Sources */,
				2DCF19B52A37AA63007A335D /* Frameworks */,
				2DCF19B62A37AA63007A335D /* Resources */,
			);
			buildRules = (
			);
			dependencies = (
				2DCF19BA2A37AA63007A335D /* PBXTargetDependency */,
			);
			name = toDoListUITests;
			productName = toDoListUITests;
			productReference = 2DCF19B82A37AA63007A335D /* toDoListUITests.xctest */;
			productType = "com.apple.product-type.bundle.ui-testing";
		};
/* End PBXNativeTarget section */

/* Begin PBXProject section */
		2DCF19902A37AA62007A335D /* Project object */ = {
			isa = PBXProject;
			attributes = {
				BuildIndependentTargetsInParallel = 1;
				LastSwiftUpdateCheck = 1420;
				LastUpgradeCheck = 1420;
				TargetAttributes = {
					2DCF19972A37AA62007A335D = {
						CreatedOnToolsVersion = 14.2;
					};
					2DCF19AD2A37AA63007A335D = {
						CreatedOnToolsVersion = 14.2;
						TestTargetID = 2DCF19972A37AA62007A335D;
					};
					2DCF19B72A37AA63007A335D = {
						CreatedOnToolsVersion = 14.2;
						TestTargetID = 2DCF19972A37AA62007A335D;
					};
				};
			};
			buildConfigurationList = 2DCF19932A37AA62007A335D /* Build configuration list for PBXProject "toDoList" */;
			compatibilityVersion = "Xcode 14.0";
			developmentRegion = en;
			hasScannedForEncodings = 0;
			knownRegions = (
				en,
				Base,
			);
			mainGroup = 2DCF198F2A37AA62007A335D;
			productRefGroup = 2DCF19992A37AA62007A335D /* Products */;
			projectDirPath = "";
			projectRoot = "";
			targets = (
				2DCF19972A37AA62007A335D /* toDoList */,
				2DCF19AD2A37AA63007A335D /* toDoListTests */,
				2DCF19B72A37AA63007A335D /* toDoListUITests */,
			);
		};
/* End PBXProject section */

/* Begin PBXResourcesBuildPhase section */
		2DCF19962A37AA62007A335D /* Resources */ = {
			isa = PBXResourcesBuildPhase;
			buildActionMask = 2147483647;
			files = (
				2DCF19A82A37AA63007A335D /* LaunchScreen.storyboard in Resources */,
				2DCF19A52A37AA63007A335D /* Assets.xcassets in Resources */,
				2D279BE32A3DB84B00D19F7F /* test4.json in Resources */,
				2DCF19A32A37AA62007A335D /* Main.storyboard in Resources */,
				2D279BE52A3DB84B00D19F7F /* test2.json in Resources */,
				2D279BE42A3DB84B00D19F7F /* test3.json in Resources */,
				2D279BE22A3DB84B00D19F7F /* test5.json in Resources */,
				2D279BD52A3D854100D19F7F /* test1.json in Resources */,
			);
			runOnlyForDeploymentPostprocessing = 0;
		};
		2DCF19AC2A37AA63007A335D /* Resources */ = {
			isa = PBXResourcesBuildPhase;
			buildActionMask = 2147483647;
			files = (
			);
			runOnlyForDeploymentPostprocessing = 0;
		};
		2DCF19B62A37AA63007A335D /* Resources */ = {
			isa = PBXResourcesBuildPhase;
			buildActionMask = 2147483647;
			files = (
			);
			runOnlyForDeploymentPostprocessing = 0;
		};
/* End PBXResourcesBuildPhase section */

/* Begin PBXSourcesBuildPhase section */
		2DCF19942A37AA62007A335D /* Sources */ = {
			isa = PBXSourcesBuildPhase;
			buildActionMask = 2147483647;
			files = (
				2DCF19A02A37AA62007A335D /* ViewController.swift in Sources */,
				2DCF199C2A37AA62007A335D /* AppDelegate.swift in Sources */,
				2DCF19CC2A37ADFD007A335D /* TodoItem.swift in Sources */,
				2DCF19D22A3B11E9007A335D /* FileCache.swift in Sources */,
				2DCF199E2A37AA62007A335D /* SceneDelegate.swift in Sources */,
			);
			runOnlyForDeploymentPostprocessing = 0;
		};
		2DCF19AA2A37AA63007A335D /* Sources */ = {
			isa = PBXSourcesBuildPhase;
			buildActionMask = 2147483647;
			files = (
				2DCF19B32A37AA63007A335D /* toDoListTests.swift in Sources */,
			);
			runOnlyForDeploymentPostprocessing = 0;
		};
		2DCF19B42A37AA63007A335D /* Sources */ = {
			isa = PBXSourcesBuildPhase;
			buildActionMask = 2147483647;
			files = (
				2DCF19BF2A37AA63007A335D /* toDoListUITestsLaunchTests.swift in Sources */,
				2DCF19BD2A37AA63007A335D /* toDoListUITests.swift in Sources */,
			);
			runOnlyForDeploymentPostprocessing = 0;
		};
/* End PBXSourcesBuildPhase section */

/* Begin PBXTargetDependency section */
		2DCF19B02A37AA63007A335D /* PBXTargetDependency */ = {
			isa = PBXTargetDependency;
			target = 2DCF19972A37AA62007A335D /* toDoList */;
			targetProxy = 2DCF19AF2A37AA63007A335D /* PBXContainerItemProxy */;
		};
		2DCF19BA2A37AA63007A335D /* PBXTargetDependency */ = {
			isa = PBXTargetDependency;
			target = 2DCF19972A37AA62007A335D /* toDoList */;
			targetProxy = 2DCF19B92A37AA63007A335D /* PBXContainerItemProxy */;
		};
/* End PBXTargetDependency section */

/* Begin PBXVariantGroup section */
		2DCF19A12A37AA62007A335D /* Main.storyboard */ = {
			isa = PBXVariantGroup;
			children = (
				2DCF19A22A37AA62007A335D /* Base */,
			);
			name = Main.storyboard;
			sourceTree = "<group>";
		};
		2DCF19A62A37AA63007A335D /* LaunchScreen.storyboard */ = {
			isa = PBXVariantGroup;
			children = (
				2DCF19A72A37AA63007A335D /* Base */,
			);
			name = LaunchScreen.storyboard;
			sourceTree = "<group>";
		};
/* End PBXVariantGroup section */

/* Begin XCBuildConfiguration section */
		2DCF19C02A37AA63007A335D /* Debug */ = {
			isa = XCBuildConfiguration;
			buildSettings = {
				ALWAYS_SEARCH_USER_PATHS = NO;
				CLANG_ANALYZER_NONNULL = YES;
				CLANG_ANALYZER_NUMBER_OBJECT_CONVERSION = YES_AGGRESSIVE;
				CLANG_CXX_LANGUAGE_STANDARD = "gnu++20";
				CLANG_ENABLE_MODULES = YES;
				CLANG_ENABLE_OBJC_ARC = YES;
				CLANG_ENABLE_OBJC_WEAK = YES;
				CLANG_WARN_BLOCK_CAPTURE_AUTORELEASING = YES;
				CLANG_WARN_BOOL_CONVERSION = YES;
				CLANG_WARN_COMMA = YES;
				CLANG_WARN_CONSTANT_CONVERSION = YES;
				CLANG_WARN_DEPRECATED_OBJC_IMPLEMENTATIONS = YES;
				CLANG_WARN_DIRECT_OBJC_ISA_USAGE = YES_ERROR;
				CLANG_WARN_DOCUMENTATION_COMMENTS = YES;
				CLANG_WARN_EMPTY_BODY = YES;
				CLANG_WARN_ENUM_CONVERSION = YES;
				CLANG_WARN_INFINITE_RECURSION = YES;
				CLANG_WARN_INT_CONVERSION = YES;
				CLANG_WARN_NON_LITERAL_NULL_CONVERSION = YES;
				CLANG_WARN_OBJC_IMPLICIT_RETAIN_SELF = YES;
				CLANG_WARN_OBJC_LITERAL_CONVERSION = YES;
				CLANG_WARN_OBJC_ROOT_CLASS = YES_ERROR;
				CLANG_WARN_QUOTED_INCLUDE_IN_FRAMEWORK_HEADER = YES;
				CLANG_WARN_RANGE_LOOP_ANALYSIS = YES;
				CLANG_WARN_STRICT_PROTOTYPES = YES;
				CLANG_WARN_SUSPICIOUS_MOVE = YES;
				CLANG_WARN_UNGUARDED_AVAILABILITY = YES_AGGRESSIVE;
				CLANG_WARN_UNREACHABLE_CODE = YES;
				CLANG_WARN__DUPLICATE_METHOD_MATCH = YES;
				COPY_PHASE_STRIP = NO;
				DEBUG_INFORMATION_FORMAT = dwarf;
				ENABLE_STRICT_OBJC_MSGSEND = YES;
				ENABLE_TESTABILITY = YES;
				GCC_C_LANGUAGE_STANDARD = gnu11;
				GCC_DYNAMIC_NO_PIC = NO;
				GCC_NO_COMMON_BLOCKS = YES;
				GCC_OPTIMIZATION_LEVEL = 0;
				GCC_PREPROCESSOR_DEFINITIONS = (
					"DEBUG=1",
					"$(inherited)",
				);
				GCC_WARN_64_TO_32_BIT_CONVERSION = YES;
				GCC_WARN_ABOUT_RETURN_TYPE = YES_ERROR;
				GCC_WARN_UNDECLARED_SELECTOR = YES;
				GCC_WARN_UNINITIALIZED_AUTOS = YES_AGGRESSIVE;
				GCC_WARN_UNUSED_FUNCTION = YES;
				GCC_WARN_UNUSED_VARIABLE = YES;
				IPHONEOS_DEPLOYMENT_TARGET = 16.2;
				MTL_ENABLE_DEBUG_INFO = INCLUDE_SOURCE;
				MTL_FAST_MATH = YES;
				ONLY_ACTIVE_ARCH = YES;
				SDKROOT = iphoneos;
				SWIFT_ACTIVE_COMPILATION_CONDITIONS = DEBUG;
				SWIFT_OPTIMIZATION_LEVEL = "-Onone";
			};
			name = Debug;
		};
		2DCF19C12A37AA63007A335D /* Release */ = {
			isa = XCBuildConfiguration;
			buildSettings = {
				ALWAYS_SEARCH_USER_PATHS = NO;
				CLANG_ANALYZER_NONNULL = YES;
				CLANG_ANALYZER_NUMBER_OBJECT_CONVERSION = YES_AGGRESSIVE;
				CLANG_CXX_LANGUAGE_STANDARD = "gnu++20";
				CLANG_ENABLE_MODULES = YES;
				CLANG_ENABLE_OBJC_ARC = YES;
				CLANG_ENABLE_OBJC_WEAK = YES;
				CLANG_WARN_BLOCK_CAPTURE_AUTORELEASING = YES;
				CLANG_WARN_BOOL_CONVERSION = YES;
				CLANG_WARN_COMMA = YES;
				CLANG_WARN_CONSTANT_CONVERSION = YES;
				CLANG_WARN_DEPRECATED_OBJC_IMPLEMENTATIONS = YES;
				CLANG_WARN_DIRECT_OBJC_ISA_USAGE = YES_ERROR;
				CLANG_WARN_DOCUMENTATION_COMMENTS = YES;
				CLANG_WARN_EMPTY_BODY = YES;
				CLANG_WARN_ENUM_CONVERSION = YES;
				CLANG_WARN_INFINITE_RECURSION = YES;
				CLANG_WARN_INT_CONVERSION = YES;
				CLANG_WARN_NON_LITERAL_NULL_CONVERSION = YES;
				CLANG_WARN_OBJC_IMPLICIT_RETAIN_SELF = YES;
				CLANG_WARN_OBJC_LITERAL_CONVERSION = YES;
				CLANG_WARN_OBJC_ROOT_CLASS = YES_ERROR;
				CLANG_WARN_QUOTED_INCLUDE_IN_FRAMEWORK_HEADER = YES;
				CLANG_WARN_RANGE_LOOP_ANALYSIS = YES;
				CLANG_WARN_STRICT_PROTOTYPES = YES;
				CLANG_WARN_SUSPICIOUS_MOVE = YES;
				CLANG_WARN_UNGUARDED_AVAILABILITY = YES_AGGRESSIVE;
				CLANG_WARN_UNREACHABLE_CODE = YES;
				CLANG_WARN__DUPLICATE_METHOD_MATCH = YES;
				COPY_PHASE_STRIP = NO;
				DEBUG_INFORMATION_FORMAT = "dwarf-with-dsym";
				ENABLE_NS_ASSERTIONS = NO;
				ENABLE_STRICT_OBJC_MSGSEND = YES;
				GCC_C_LANGUAGE_STANDARD = gnu11;
				GCC_NO_COMMON_BLOCKS = YES;
				GCC_WARN_64_TO_32_BIT_CONVERSION = YES;
				GCC_WARN_ABOUT_RETURN_TYPE = YES_ERROR;
				GCC_WARN_UNDECLARED_SELECTOR = YES;
				GCC_WARN_UNINITIALIZED_AUTOS = YES_AGGRESSIVE;
				GCC_WARN_UNUSED_FUNCTION = YES;
				GCC_WARN_UNUSED_VARIABLE = YES;
				IPHONEOS_DEPLOYMENT_TARGET = 16.2;
				MTL_ENABLE_DEBUG_INFO = NO;
				MTL_FAST_MATH = YES;
				SDKROOT = iphoneos;
				SWIFT_COMPILATION_MODE = wholemodule;
				SWIFT_OPTIMIZATION_LEVEL = "-O";
				VALIDATE_PRODUCT = YES;
			};
			name = Release;
		};
		2DCF19C32A37AA63007A335D /* Debug */ = {
			isa = XCBuildConfiguration;
			buildSettings = {
				ASSETCATALOG_COMPILER_APPICON_NAME = AppIcon;
				ASSETCATALOG_COMPILER_GLOBAL_ACCENT_COLOR_NAME = AccentColor;
				CODE_SIGN_STYLE = Automatic;
				CURRENT_PROJECT_VERSION = 1;
				GENERATE_INFOPLIST_FILE = YES;
				INFOPLIST_FILE = toDoList/Info.plist;
				INFOPLIST_KEY_UIApplicationSupportsIndirectInputEvents = YES;
				INFOPLIST_KEY_UILaunchStoryboardName = LaunchScreen;
				INFOPLIST_KEY_UIMainStoryboardFile = Main;
				INFOPLIST_KEY_UISupportedInterfaceOrientations_iPad = "UIInterfaceOrientationPortrait UIInterfaceOrientationPortraitUpsideDown UIInterfaceOrientationLandscapeLeft UIInterfaceOrientationLandscapeRight";
				INFOPLIST_KEY_UISupportedInterfaceOrientations_iPhone = "UIInterfaceOrientationPortrait UIInterfaceOrientationLandscapeLeft UIInterfaceOrientationLandscapeRight";
				LD_RUNPATH_SEARCH_PATHS = (
					"$(inherited)",
					"@executable_path/Frameworks",
				);
				MARKETING_VERSION = 1.0;
				PRODUCT_BUNDLE_IDENTIFIER = "-.toDoList";
				PRODUCT_NAME = "$(TARGET_NAME)";
				SWIFT_EMIT_LOC_STRINGS = YES;
				SWIFT_VERSION = 5.0;
				TARGETED_DEVICE_FAMILY = "1,2";
			};
			name = Debug;
		};
		2DCF19C42A37AA63007A335D /* Release */ = {
			isa = XCBuildConfiguration;
			buildSettings = {
				ASSETCATALOG_COMPILER_APPICON_NAME = AppIcon;
				ASSETCATALOG_COMPILER_GLOBAL_ACCENT_COLOR_NAME = AccentColor;
				CODE_SIGN_STYLE = Automatic;
				CURRENT_PROJECT_VERSION = 1;
				GENERATE_INFOPLIST_FILE = YES;
				INFOPLIST_FILE = toDoList/Info.plist;
				INFOPLIST_KEY_UIApplicationSupportsIndirectInputEvents = YES;
				INFOPLIST_KEY_UILaunchStoryboardName = LaunchScreen;
				INFOPLIST_KEY_UIMainStoryboardFile = Main;
				INFOPLIST_KEY_UISupportedInterfaceOrientations_iPad = "UIInterfaceOrientationPortrait UIInterfaceOrientationPortraitUpsideDown UIInterfaceOrientationLandscapeLeft UIInterfaceOrientationLandscapeRight";
				INFOPLIST_KEY_UISupportedInterfaceOrientations_iPhone = "UIInterfaceOrientationPortrait UIInterfaceOrientationLandscapeLeft UIInterfaceOrientationLandscapeRight";
				LD_RUNPATH_SEARCH_PATHS = (
					"$(inherited)",
					"@executable_path/Frameworks",
				);
				MARKETING_VERSION = 1.0;
				PRODUCT_BUNDLE_IDENTIFIER = "-.toDoList";
				PRODUCT_NAME = "$(TARGET_NAME)";
				SWIFT_EMIT_LOC_STRINGS = YES;
				SWIFT_VERSION = 5.0;
				TARGETED_DEVICE_FAMILY = "1,2";
			};
			name = Release;
		};
		2DCF19C62A37AA63007A335D /* Debug */ = {
			isa = XCBuildConfiguration;
			buildSettings = {
				ALWAYS_EMBED_SWIFT_STANDARD_LIBRARIES = YES;
				BUNDLE_LOADER = "$(TEST_HOST)";
				CODE_SIGN_STYLE = Automatic;
				CURRENT_PROJECT_VERSION = 1;
				GENERATE_INFOPLIST_FILE = YES;
				IPHONEOS_DEPLOYMENT_TARGET = 16.2;
				MARKETING_VERSION = 1.0;
				PRODUCT_BUNDLE_IDENTIFIER = "-.toDoListTests";
				PRODUCT_NAME = "$(TARGET_NAME)";
				SWIFT_EMIT_LOC_STRINGS = NO;
				SWIFT_VERSION = 5.0;
				TARGETED_DEVICE_FAMILY = "1,2";
				TEST_HOST = "$(BUILT_PRODUCTS_DIR)/toDoList.app/$(BUNDLE_EXECUTABLE_FOLDER_PATH)/toDoList";
			};
			name = Debug;
		};
		2DCF19C72A37AA63007A335D /* Release */ = {
			isa = XCBuildConfiguration;
			buildSettings = {
				ALWAYS_EMBED_SWIFT_STANDARD_LIBRARIES = YES;
				BUNDLE_LOADER = "$(TEST_HOST)";
				CODE_SIGN_STYLE = Automatic;
				CURRENT_PROJECT_VERSION = 1;
				GENERATE_INFOPLIST_FILE = YES;
				IPHONEOS_DEPLOYMENT_TARGET = 16.2;
				MARKETING_VERSION = 1.0;
				PRODUCT_BUNDLE_IDENTIFIER = "-.toDoListTests";
				PRODUCT_NAME = "$(TARGET_NAME)";
				SWIFT_EMIT_LOC_STRINGS = NO;
				SWIFT_VERSION = 5.0;
				TARGETED_DEVICE_FAMILY = "1,2";
				TEST_HOST = "$(BUILT_PRODUCTS_DIR)/toDoList.app/$(BUNDLE_EXECUTABLE_FOLDER_PATH)/toDoList";
			};
			name = Release;
		};
		2DCF19C92A37AA63007A335D /* Debug */ = {
			isa = XCBuildConfiguration;
			buildSettings = {
				ALWAYS_EMBED_SWIFT_STANDARD_LIBRARIES = YES;
				CODE_SIGN_STYLE = Automatic;
				CURRENT_PROJECT_VERSION = 1;
				GENERATE_INFOPLIST_FILE = YES;
				MARKETING_VERSION = 1.0;
				PRODUCT_BUNDLE_IDENTIFIER = "-.toDoListUITests";
				PRODUCT_NAME = "$(TARGET_NAME)";
				SWIFT_EMIT_LOC_STRINGS = NO;
				SWIFT_VERSION = 5.0;
				TARGETED_DEVICE_FAMILY = "1,2";
				TEST_TARGET_NAME = toDoList;
			};
			name = Debug;
		};
		2DCF19CA2A37AA63007A335D /* Release */ = {
			isa = XCBuildConfiguration;
			buildSettings = {
				ALWAYS_EMBED_SWIFT_STANDARD_LIBRARIES = YES;
				CODE_SIGN_STYLE = Automatic;
				CURRENT_PROJECT_VERSION = 1;
				GENERATE_INFOPLIST_FILE = YES;
				MARKETING_VERSION = 1.0;
				PRODUCT_BUNDLE_IDENTIFIER = "-.toDoListUITests";
				PRODUCT_NAME = "$(TARGET_NAME)";
				SWIFT_EMIT_LOC_STRINGS = NO;
				SWIFT_VERSION = 5.0;
				TARGETED_DEVICE_FAMILY = "1,2";
				TEST_TARGET_NAME = toDoList;
			};
			name = Release;
		};
/* End XCBuildConfiguration section */

/* Begin XCConfigurationList section */
		2DCF19932A37AA62007A335D /* Build configuration list for PBXProject "toDoList" */ = {
			isa = XCConfigurationList;
			buildConfigurations = (
				2DCF19C02A37AA63007A335D /* Debug */,
				2DCF19C12A37AA63007A335D /* Release */,
			);
			defaultConfigurationIsVisible = 0;
			defaultConfigurationName = Release;
		};
		2DCF19C22A37AA63007A335D /* Build configuration list for PBXNativeTarget "toDoList" */ = {
			isa = XCConfigurationList;
			buildConfigurations = (
				2DCF19C32A37AA63007A335D /* Debug */,
				2DCF19C42A37AA63007A335D /* Release */,
			);
			defaultConfigurationIsVisible = 0;
			defaultConfigurationName = Release;
		};
		2DCF19C52A37AA63007A335D /* Build configuration list for PBXNativeTarget "toDoListTests" */ = {
			isa = XCConfigurationList;
			buildConfigurations = (
				2DCF19C62A37AA63007A335D /* Debug */,
				2DCF19C72A37AA63007A335D /* Release */,
			);
			defaultConfigurationIsVisible = 0;
			defaultConfigurationName = Release;
		};
		2DCF19C82A37AA63007A335D /* Build configuration list for PBXNativeTarget "toDoListUITests" */ = {
			isa = XCConfigurationList;
			buildConfigurations = (
				2DCF19C92A37AA63007A335D /* Debug */,
				2DCF19CA2A37AA63007A335D /* Release */,
			);
			defaultConfigurationIsVisible = 0;
			defaultConfigurationName = Release;
		};
/* End XCConfigurationList section */
	};
	rootObject = 2DCF19902A37AA62007A335D /* Project object */;
}
